
Microsoft Visual Studio Solution File, Format Version 12.00
# Visual Studio Version 17
VisualStudioVersion = 17.6.33815.320
MinimumVisualStudioVersion = 10.0.40219.1
Project("{FAE04EC0-301F-11D3-BF4B-00C04F79EFBC}") = "Ensolvers.Note.Api", "Ensolvers.Note.Api\Ensolvers.Note.Api.csproj", "{BF74A34E-D080-4064-88DC-FFD302C4396B}"
EndProject
Project("{FAE04EC0-301F-11D3-BF4B-00C04F79EFBC}") = "Ensolvers.Note.Domain", "Ensolvers.Note.Domain\Ensolvers.Note.Domain.csproj", "{98B83B62-F556-46C1-87B0-34F7152B25DC}"
EndProject
Project("{FAE04EC0-301F-11D3-BF4B-00C04F79EFBC}") = "Ensolvers.Note.Application", "Ensolvers.Note.Application\Ensolvers.Note.Application.csproj", "{3463E16E-59A6-4A6C-8990-0E2B57E549FF}"
EndProject
Project("{FAE04EC0-301F-11D3-BF4B-00C04F79EFBC}") = "Ensolvers.Note.Infrastructure", "Ensolvers.Note.Infrastructure\Ensolvers.Note.Infrastructure.csproj", "{50CEA269-7BDD-49A9-B4C2-FAAC28DD6339}"
EndProject
Global
	GlobalSection(SolutionConfigurationPlatforms) = preSolution
		Debug|Any CPU = Debug|Any CPU
		Release|Any CPU = Release|Any CPU
	EndGlobalSection
	GlobalSection(ProjectConfigurationPlatforms) = postSolution
		{BF74A34E-D080-4064-88DC-FFD302C4396B}.Debug|Any CPU.ActiveCfg = Debug|Any CPU
		{BF74A34E-D080-4064-88DC-FFD302C4396B}.Debug|Any CPU.Build.0 = Debug|Any CPU
		{BF74A34E-D080-4064-88DC-FFD302C4396B}.Release|Any CPU.ActiveCfg = Release|Any CPU
		{BF74A34E-D080-4064-88DC-FFD302C4396B}.Release|Any CPU.Build.0 = Release|Any CPU
		{98B83B62-F556-46C1-87B0-34F7152B25DC}.Debug|Any CPU.ActiveCfg = Debug|Any CPU
		{98B83B62-F556-46C1-87B0-34F7152B25DC}.Debug|Any CPU.Build.0 = Debug|Any CPU
		{98B83B62-F556-46C1-87B0-34F7152B25DC}.Release|Any CPU.ActiveCfg = Release|Any CPU
		{98B83B62-F556-46C1-87B0-34F7152B25DC}.Release|Any CPU.Build.0 = Release|Any CPU
		{3463E16E-59A6-4A6C-8990-0E2B57E549FF}.Debug|Any CPU.ActiveCfg = Debug|Any CPU
		{3463E16E-59A6-4A6C-8990-0E2B57E549FF}.Debug|Any CPU.Build.0 = Debug|Any CPU
		{3463E16E-59A6-4A6C-8990-0E2B57E549FF}.Release|Any CPU.ActiveCfg = Release|Any CPU
		{3463E16E-59A6-4A6C-8990-0E2B57E549FF}.Release|Any CPU.Build.0 = Release|Any CPU
		{50CEA269-7BDD-49A9-B4C2-FAAC28DD6339}.Debug|Any CPU.ActiveCfg = Debug|Any CPU
		{50CEA269-7BDD-49A9-B4C2-FAAC28DD6339}.Debug|Any CPU.Build.0 = Debug|Any CPU
		{50CEA269-7BDD-49A9-B4C2-FAAC28DD6339}.Release|Any CPU.ActiveCfg = Release|Any CPU
		{50CEA269-7BDD-49A9-B4C2-FAAC28DD6339}.Release|Any CPU.Build.0 = Release|Any CPU
	EndGlobalSection
	GlobalSection(SolutionProperties) = preSolution
		HideSolutionNode = FALSE
	EndGlobalSection
	GlobalSection(ExtensibilityGlobals) = postSolution
		SolutionGuid = {7C74EEED-3865-4602-827D-F9306959C29F}
	EndGlobalSection
EndGlobal
